// !$*UTF8*$!
{
	archiveVersion = 1;
	classes = {
	};
	objectVersion = 77;
	objects = {

/* Begin PBXBuildFile section */
		3BDF761C2D1F6CA900189ABE /* AudioKit in Frameworks */ = {isa = PBXBuildFile; productRef = 3BDF761B2D1F6CA900189ABE /* AudioKit */; };
/* End PBXBuildFile section */

/* Begin PBXContainerItemProxy section */
		3B469F292D1E18C4004E5EDE /* PBXContainerItemProxy */ = {
			isa = PBXContainerItemProxy;
			containerPortal = 3B469F0F2D1E18C2004E5EDE /* Project object */;
			proxyType = 1;
			remoteGlobalIDString = 3B469F162D1E18C2004E5EDE;
			remoteInfo = SampleDrumConverter;
		};
		3B469F332D1E18C4004E5EDE /* PBXContainerItemProxy */ = {
			isa = PBXContainerItemProxy;
			containerPortal = 3B469F0F2D1E18C2004E5EDE /* Project object */;
			proxyType = 1;
			remoteGlobalIDString = 3B469F162D1E18C2004E5EDE;
			remoteInfo = SampleDrumConverter;
		};
/* End PBXContainerItemProxy section */

/* Begin PBXFileReference section */
		3BDF76072D1F625D00189ABE /* It's mono, yo!.app */ = {isa = PBXFileReference; explicitFileType = wrapper.application; includeInIndex = 0; path = "It's mono, yo!.app"; sourceTree = BUILT_PRODUCTS_DIR; };
		3BDF76082D1F625D00189ABE /* It's mono, yo!Tests.xctest */ = {isa = PBXFileReference; explicitFileType = wrapper.cfbundle; includeInIndex = 0; path = "It's mono, yo!Tests.xctest"; sourceTree = BUILT_PRODUCTS_DIR; };
		3BDF76092D1F625D00189ABE /* It's mono, yo!UITests.xctest */ = {isa = PBXFileReference; explicitFileType = wrapper.cfbundle; includeInIndex = 0; path = "It's mono, yo!UITests.xctest"; sourceTree = BUILT_PRODUCTS_DIR; };
/* End PBXFileReference section */

/* Begin PBXFileSystemSynchronizedRootGroup section */
		3B469F192D1E18C2004E5EDE /* SampleDrumConverter */ = {
			isa = PBXFileSystemSynchronizedRootGroup;
			path = SampleDrumConverter;
			sourceTree = "<group>";
		};
		3B469F2B2D1E18C4004E5EDE /* SampleDrumConverterTests */ = {
			isa = PBXFileSystemSynchronizedRootGroup;
			path = SampleDrumConverterTests;
			sourceTree = "<group>";
		};
		3B469F352D1E18C4004E5EDE /* SampleDrumConverterUITests */ = {
			isa = PBXFileSystemSynchronizedRootGroup;
			path = SampleDrumConverterUITests;
			sourceTree = "<group>";
		};
/* End PBXFileSystemSynchronizedRootGroup section */

/* Begin PBXFrameworksBuildPhase section */
		3B469F142D1E18C2004E5EDE /* Frameworks */ = {
			isa = PBXFrameworksBuildPhase;
			buildActionMask = 2147483647;
			files = (
				3BDF761C2D1F6CA900189ABE /* AudioKit in Frameworks */,
			);
			runOnlyForDeploymentPostprocessing = 0;
		};
		3B469F252D1E18C4004E5EDE /* Frameworks */ = {
			isa = PBXFrameworksBuildPhase;
			buildActionMask = 2147483647;
			files = (
			);
			runOnlyForDeploymentPostprocessing = 0;
		};
		3B469F2F2D1E18C4004E5EDE /* Frameworks */ = {
			isa = PBXFrameworksBuildPhase;
			buildActionMask = 2147483647;
			files = (
			);
			runOnlyForDeploymentPostprocessing = 0;
		};
/* End PBXFrameworksBuildPhase section */

/* Begin PBXGroup section */
		3B469F0E2D1E18C2004E5EDE = {
			isa = PBXGroup;
			children = (
				3B469F192D1E18C2004E5EDE /* SampleDrumConverter */,
				3B469F2B2D1E18C4004E5EDE /* SampleDrumConverterTests */,
				3B469F352D1E18C4004E5EDE /* SampleDrumConverterUITests */,
				3BDF76072D1F625D00189ABE /* It's mono, yo!.app */,
				3BDF76082D1F625D00189ABE /* It's mono, yo!Tests.xctest */,
				3BDF76092D1F625D00189ABE /* It's mono, yo!UITests.xctest */,
			);
			sourceTree = "<group>";
		};
/* End PBXGroup section */

/* Begin PBXNativeTarget section */
		3B469F162D1E18C2004E5EDE /* It's mono, yo! */ = {
			isa = PBXNativeTarget;
			buildConfigurationList = 3B469F3C2D1E18C4004E5EDE /* Build configuration list for PBXNativeTarget "It's mono, yo!" */;
			buildPhases = (
				3B469F132D1E18C2004E5EDE /* Sources */,
				3B469F142D1E18C2004E5EDE /* Frameworks */,
				3B469F152D1E18C2004E5EDE /* Resources */,
			);
			buildRules = (
			);
			dependencies = (
			);
			fileSystemSynchronizedGroups = (
				3B469F192D1E18C2004E5EDE /* SampleDrumConverter */,
			);
			name = "It's mono, yo!";
			packageProductDependencies = (
				3BDF761B2D1F6CA900189ABE /* AudioKit */,
			);
			productName = SampleDrumConverter;
			productReference = 3BDF76072D1F625D00189ABE /* It's mono, yo!.app */;
			productType = "com.apple.product-type.application";
		};
		3B469F272D1E18C4004E5EDE /* It's mono, yo!Tests */ = {
			isa = PBXNativeTarget;
			buildConfigurationList = 3B469F3F2D1E18C4004E5EDE /* Build configuration list for PBXNativeTarget "It's mono, yo!Tests" */;
			buildPhases = (
				3B469F242D1E18C4004E5EDE /* Sources */,
				3B469F252D1E18C4004E5EDE /* Frameworks */,
				3B469F262D1E18C4004E5EDE /* Resources */,
			);
			buildRules = (
			);
			dependencies = (
				3B469F2A2D1E18C4004E5EDE /* PBXTargetDependency */,
			);
			fileSystemSynchronizedGroups = (
				3B469F2B2D1E18C4004E5EDE /* SampleDrumConverterTests */,
			);
			name = "It's mono, yo!Tests";
			packageProductDependencies = (
			);
			productName = SampleDrumConverterTests;
			productReference = 3BDF76082D1F625D00189ABE /* It's mono, yo!Tests.xctest */;
			productType = "com.apple.product-type.bundle.unit-test";
		};
		3B469F312D1E18C4004E5EDE /* It's mono, yo!UITests */ = {
			isa = PBXNativeTarget;
			buildConfigurationList = 3B469F422D1E18C4004E5EDE /* Build configuration list for PBXNativeTarget "It's mono, yo!UITests" */;
			buildPhases = (
				3B469F2E2D1E18C4004E5EDE /* Sources */,
				3B469F2F2D1E18C4004E5EDE /* Frameworks */,
				3B469F302D1E18C4004E5EDE /* Resources */,
			);
			buildRules = (
			);
			dependencies = (
				3B469F342D1E18C4004E5EDE /* PBXTargetDependency */,
			);
			fileSystemSynchronizedGroups = (
				3B469F352D1E18C4004E5EDE /* SampleDrumConverterUITests */,
			);
			name = "It's mono, yo!UITests";
			packageProductDependencies = (
			);
			productName = SampleDrumConverterUITests;
			productReference = 3BDF76092D1F625D00189ABE /* It's mono, yo!UITests.xctest */;
			productType = "com.apple.product-type.bundle.ui-testing";
		};
/* End PBXNativeTarget section */

/* Begin PBXProject section */
		3B469F0F2D1E18C2004E5EDE /* Project object */ = {
			isa = PBXProject;
			attributes = {
				BuildIndependentTargetsInParallel = 1;
				LastSwiftUpdateCheck = 1620;
				LastUpgradeCheck = 1620;
				TargetAttributes = {
					3B469F162D1E18C2004E5EDE = {
						CreatedOnToolsVersion = 16.2;
					};
					3B469F272D1E18C4004E5EDE = {
						CreatedOnToolsVersion = 16.2;
						TestTargetID = 3B469F162D1E18C2004E5EDE;
					};
					3B469F312D1E18C4004E5EDE = {
						CreatedOnToolsVersion = 16.2;
						TestTargetID = 3B469F162D1E18C2004E5EDE;
					};
				};
			};
			buildConfigurationList = 3B469F122D1E18C2004E5EDE /* Build configuration list for PBXProject "It's mono, yo!" */;
			developmentRegion = en;
			hasScannedForEncodings = 0;
			knownRegions = (
				en,
				Base,
			);
			mainGroup = 3B469F0E2D1E18C2004E5EDE;
			minimizedProjectReferenceProxies = 1;
			packageReferences = (
				3BDF761A2D1F6B9500189ABE /* XCRemoteSwiftPackageReference "AudioKit" */,
			);
			preferredProjectObjectVersion = 77;
			productRefGroup = 3B469F0E2D1E18C2004E5EDE;
			projectDirPath = "";
			projectRoot = "";
			targets = (
				3B469F162D1E18C2004E5EDE /* It's mono, yo! */,
				3B469F272D1E18C4004E5EDE /* It's mono, yo!Tests */,
				3B469F312D1E18C4004E5EDE /* It's mono, yo!UITests */,
			);
		};
/* End PBXProject section */

/* Begin PBXResourcesBuildPhase section */
		3B469F152D1E18C2004E5EDE /* Resources */ = {
			isa = PBXResourcesBuildPhase;
			buildActionMask = 2147483647;
			files = (
			);
			runOnlyForDeploymentPostprocessing = 0;
		};
		3B469F262D1E18C4004E5EDE /* Resources */ = {
			isa = PBXResourcesBuildPhase;
			buildActionMask = 2147483647;
			files = (
			);
			runOnlyForDeploymentPostprocessing = 0;
		};
		3B469F302D1E18C4004E5EDE /* Resources */ = {
			isa = PBXResourcesBuildPhase;
			buildActionMask = 2147483647;
			files = (
			);
			runOnlyForDeploymentPostprocessing = 0;
		};
/* End PBXResourcesBuildPhase section */

/* Begin PBXSourcesBuildPhase section */
		3B469F132D1E18C2004E5EDE /* Sources */ = {
			isa = PBXSourcesBuildPhase;
			buildActionMask = 2147483647;
			files = (
			);
			runOnlyForDeploymentPostprocessing = 0;
		};
		3B469F242D1E18C4004E5EDE /* Sources */ = {
			isa = PBXSourcesBuildPhase;
			buildActionMask = 2147483647;
			files = (
			);
			runOnlyForDeploymentPostprocessing = 0;
		};
		3B469F2E2D1E18C4004E5EDE /* Sources */ = {
			isa = PBXSourcesBuildPhase;
			buildActionMask = 2147483647;
			files = (
			);
			runOnlyForDeploymentPostprocessing = 0;
		};
/* End PBXSourcesBuildPhase section */

/* Begin PBXTargetDependency section */
		3B469F2A2D1E18C4004E5EDE /* PBXTargetDependency */ = {
			isa = PBXTargetDependency;
			target = 3B469F162D1E18C2004E5EDE /* It's mono, yo! */;
			targetProxy = 3B469F292D1E18C4004E5EDE /* PBXContainerItemProxy */;
		};
		3B469F342D1E18C4004E5EDE /* PBXTargetDependency */ = {
			isa = PBXTargetDependency;
			target = 3B469F162D1E18C2004E5EDE /* It's mono, yo! */;
			targetProxy = 3B469F332D1E18C4004E5EDE /* PBXContainerItemProxy */;
		};
/* End PBXTargetDependency section */

/* Begin XCBuildConfiguration section */
		3B469F3A2D1E18C4004E5EDE /* Debug */ = {
			isa = XCBuildConfiguration;
			buildSettings = {
				ALWAYS_SEARCH_USER_PATHS = NO;
				ASSETCATALOG_COMPILER_GENERATE_SWIFT_ASSET_SYMBOL_EXTENSIONS = YES;
				CLANG_ANALYZER_NONNULL = YES;
				CLANG_ANALYZER_NUMBER_OBJECT_CONVERSION = YES_AGGRESSIVE;
				CLANG_CXX_LANGUAGE_STANDARD = "gnu++20";
				CLANG_ENABLE_MODULES = YES;
				CLANG_ENABLE_OBJC_ARC = YES;
				CLANG_ENABLE_OBJC_WEAK = YES;
				CLANG_WARN_BLOCK_CAPTURE_AUTORELEASING = YES;
				CLANG_WARN_BOOL_CONVERSION = YES;
				CLANG_WARN_COMMA = YES;
				CLANG_WARN_CONSTANT_CONVERSION = YES;
				CLANG_WARN_DEPRECATED_OBJC_IMPLEMENTATIONS = YES;
				CLANG_WARN_DIRECT_OBJC_ISA_USAGE = YES_ERROR;
				CLANG_WARN_DOCUMENTATION_COMMENTS = YES;
				CLANG_WARN_EMPTY_BODY = YES;
				CLANG_WARN_ENUM_CONVERSION = YES;
				CLANG_WARN_INFINITE_RECURSION = YES;
				CLANG_WARN_INT_CONVERSION = YES;
				CLANG_WARN_NON_LITERAL_NULL_CONVERSION = YES;
				CLANG_WARN_OBJC_IMPLICIT_RETAIN_SELF = YES;
				CLANG_WARN_OBJC_LITERAL_CONVERSION = YES;
				CLANG_WARN_OBJC_ROOT_CLASS = YES_ERROR;
				CLANG_WARN_QUOTED_INCLUDE_IN_FRAMEWORK_HEADER = YES;
				CLANG_WARN_RANGE_LOOP_ANALYSIS = YES;
				CLANG_WARN_STRICT_PROTOTYPES = YES;
				CLANG_WARN_SUSPICIOUS_MOVE = YES;
				CLANG_WARN_UNGUARDED_AVAILABILITY = YES_AGGRESSIVE;
				CLANG_WARN_UNREACHABLE_CODE = YES;
				CLANG_WARN__DUPLICATE_METHOD_MATCH = YES;
				COPY_PHASE_STRIP = NO;
				DEBUG_INFORMATION_FORMAT = dwarf;
				ENABLE_STRICT_OBJC_MSGSEND = YES;
				ENABLE_TESTABILITY = YES;
				ENABLE_USER_SCRIPT_SANDBOXING = YES;
				GCC_C_LANGUAGE_STANDARD = gnu17;
				GCC_DYNAMIC_NO_PIC = NO;
				GCC_NO_COMMON_BLOCKS = YES;
				GCC_OPTIMIZATION_LEVEL = 0;
				GCC_PREPROCESSOR_DEFINITIONS = (
					"DEBUG=1",
					"$(inherited)",
				);
				GCC_WARN_64_TO_32_BIT_CONVERSION = YES;
				GCC_WARN_ABOUT_RETURN_TYPE = YES_ERROR;
				GCC_WARN_UNDECLARED_SELECTOR = YES;
				GCC_WARN_UNINITIALIZED_AUTOS = YES_AGGRESSIVE;
				GCC_WARN_UNUSED_FUNCTION = YES;
				GCC_WARN_UNUSED_VARIABLE = YES;
				LOCALIZATION_PREFERS_STRING_CATALOGS = YES;
				MACOSX_DEPLOYMENT_TARGET = 15.2;
				MTL_ENABLE_DEBUG_INFO = INCLUDE_SOURCE;
				MTL_FAST_MATH = YES;
				ONLY_ACTIVE_ARCH = YES;
				SDKROOT = macosx;
				SWIFT_ACTIVE_COMPILATION_CONDITIONS = "DEBUG $(inherited)";
				SWIFT_OPTIMIZATION_LEVEL = "-Onone";
			};
			name = Debug;
		};
		3B469F3B2D1E18C4004E5EDE /* Release */ = {
			isa = XCBuildConfiguration;
			buildSettings = {
				ALWAYS_SEARCH_USER_PATHS = NO;
				ASSETCATALOG_COMPILER_GENERATE_SWIFT_ASSET_SYMBOL_EXTENSIONS = YES;
				CLANG_ANALYZER_NONNULL = YES;
				CLANG_ANALYZER_NUMBER_OBJECT_CONVERSION = YES_AGGRESSIVE;
				CLANG_CXX_LANGUAGE_STANDARD = "gnu++20";
				CLANG_ENABLE_MODULES = YES;
				CLANG_ENABLE_OBJC_ARC = YES;
				CLANG_ENABLE_OBJC_WEAK = YES;
				CLANG_WARN_BLOCK_CAPTURE_AUTORELEASING = YES;
				CLANG_WARN_BOOL_CONVERSION = YES;
				CLANG_WARN_COMMA = YES;
				CLANG_WARN_CONSTANT_CONVERSION = YES;
				CLANG_WARN_DEPRECATED_OBJC_IMPLEMENTATIONS = YES;
				CLANG_WARN_DIRECT_OBJC_ISA_USAGE = YES_ERROR;
				CLANG_WARN_DOCUMENTATION_COMMENTS = YES;
				CLANG_WARN_EMPTY_BODY = YES;
				CLANG_WARN_ENUM_CONVERSION = YES;
				CLANG_WARN_INFINITE_RECURSION = YES;
				CLANG_WARN_INT_CONVERSION = YES;
				CLANG_WARN_NON_LITERAL_NULL_CONVERSION = YES;
				CLANG_WARN_OBJC_IMPLICIT_RETAIN_SELF = YES;
				CLANG_WARN_OBJC_LITERAL_CONVERSION = YES;
				CLANG_WARN_OBJC_ROOT_CLASS = YES_ERROR;
				CLANG_WARN_QUOTED_INCLUDE_IN_FRAMEWORK_HEADER = YES;
				CLANG_WARN_RANGE_LOOP_ANALYSIS = YES;
				CLANG_WARN_STRICT_PROTOTYPES = YES;
				CLANG_WARN_SUSPICIOUS_MOVE = YES;
				CLANG_WARN_UNGUARDED_AVAILABILITY = YES_AGGRESSIVE;
				CLANG_WARN_UNREACHABLE_CODE = YES;
				CLANG_WARN__DUPLICATE_METHOD_MATCH = YES;
				COPY_PHASE_STRIP = NO;
				DEBUG_INFORMATION_FORMAT = "dwarf-with-dsym";
				ENABLE_NS_ASSERTIONS = NO;
				ENABLE_STRICT_OBJC_MSGSEND = YES;
				ENABLE_USER_SCRIPT_SANDBOXING = YES;
				GCC_C_LANGUAGE_STANDARD = gnu17;
				GCC_NO_COMMON_BLOCKS = YES;
				GCC_WARN_64_TO_32_BIT_CONVERSION = YES;
				GCC_WARN_ABOUT_RETURN_TYPE = YES_ERROR;
				GCC_WARN_UNDECLARED_SELECTOR = YES;
				GCC_WARN_UNINITIALIZED_AUTOS = YES_AGGRESSIVE;
				GCC_WARN_UNUSED_FUNCTION = YES;
				GCC_WARN_UNUSED_VARIABLE = YES;
				LOCALIZATION_PREFERS_STRING_CATALOGS = YES;
				MACOSX_DEPLOYMENT_TARGET = 15.2;
				MTL_ENABLE_DEBUG_INFO = NO;
				MTL_FAST_MATH = YES;
				SDKROOT = macosx;
				SWIFT_COMPILATION_MODE = wholemodule;
			};
			name = Release;
		};
		3B469F3D2D1E18C4004E5EDE /* Debug */ = {
			isa = XCBuildConfiguration;
			buildSettings = {
				ASSETCATALOG_COMPILER_APPICON_NAME = AppIcon;
				ASSETCATALOG_COMPILER_GLOBAL_ACCENT_COLOR_NAME = AccentColor;
				CODE_SIGN_ENTITLEMENTS = SampleDrumConverter/SampleDrumConverter.entitlements;
				CODE_SIGN_STYLE = Automatic;
				COMBINE_HIDPI_IMAGES = YES;
				CURRENT_PROJECT_VERSION = 2;
				DEVELOPMENT_ASSET_PATHS = "\"SampleDrumConverter/Preview Content\"";
				DEVELOPMENT_TEAM = 2W8JWUKC7L;
				ENABLE_HARDENED_RUNTIME = YES;
				ENABLE_PREVIEWS = YES;
				GENERATE_INFOPLIST_FILE = YES;
				INFOPLIST_KEY_CFBundleDisplayName = "It's mono, yo!";
				INFOPLIST_KEY_LSApplicationCategoryType = "public.app-category.utilities";
				INFOPLIST_KEY_NSHumanReadableCopyright = "";
				LD_RUNPATH_SEARCH_PATHS = (
					"$(inherited)",
					"@executable_path/../Frameworks",
				);
				MARKETING_VERSION = 1.0.5;
				PRODUCT_BUNDLE_IDENTIFIER = com.jarllyng.itsmonoyo;
				PRODUCT_NAME = "$(TARGET_NAME)";
				SWIFT_EMIT_LOC_STRINGS = YES;
				SWIFT_VERSION = 5.0;
			};
			name = Debug;
		};
		3B469F3E2D1E18C4004E5EDE /* Release */ = {
			isa = XCBuildConfiguration;
			buildSettings = {
				ASSETCATALOG_COMPILER_APPICON_NAME = AppIcon;
				ASSETCATALOG_COMPILER_GLOBAL_ACCENT_COLOR_NAME = AccentColor;
				CODE_SIGN_ENTITLEMENTS = SampleDrumConverter/SampleDrumConverter.entitlements;
				CODE_SIGN_STYLE = Automatic;
				COMBINE_HIDPI_IMAGES = YES;
				CURRENT_PROJECT_VERSION = 2;
				DEVELOPMENT_ASSET_PATHS = "\"SampleDrumConverter/Preview Content\"";
				DEVELOPMENT_TEAM = 2W8JWUKC7L;
				ENABLE_HARDENED_RUNTIME = YES;
				ENABLE_PREVIEWS = YES;
				GENERATE_INFOPLIST_FILE = YES;
				INFOPLIST_KEY_CFBundleDisplayName = "It's mono, yo!";
				INFOPLIST_KEY_LSApplicationCategoryType = "public.app-category.utilities";
				INFOPLIST_KEY_NSHumanReadableCopyright = "";
				LD_RUNPATH_SEARCH_PATHS = (
					"$(inherited)",
					"@executable_path/../Frameworks",
				);
				MARKETING_VERSION = 1.0.5;
				PRODUCT_BUNDLE_IDENTIFIER = com.jarllyng.itsmonoyo;
				PRODUCT_NAME = "$(TARGET_NAME)";
				SWIFT_EMIT_LOC_STRINGS = YES;
				SWIFT_VERSION = 5.0;
			};
			name = Release;
		};
		3B469F402D1E18C4004E5EDE /* Debug */ = {
			isa = XCBuildConfiguration;
			buildSettings = {
				BUNDLE_LOADER = "$(TEST_HOST)";
				CODE_SIGN_STYLE = Automatic;
				CURRENT_PROJECT_VERSION = 1;
				DEVELOPMENT_TEAM = 2W8JWUKC7L;
				GENERATE_INFOPLIST_FILE = YES;
				MACOSX_DEPLOYMENT_TARGET = 15.2;
				MARKETING_VERSION = 1.0;
				PRODUCT_BUNDLE_IDENTIFIER = com.jarllyng.sampleconverter.SampleDrumConverterTests;
				PRODUCT_NAME = "$(TARGET_NAME)";
				SWIFT_EMIT_LOC_STRINGS = NO;
				SWIFT_VERSION = 5.0;
				TEST_HOST = "$(BUILT_PRODUCTS_DIR)/It's mono, yo!.app/$(BUNDLE_EXECUTABLE_FOLDER_PATH)/It's mono, yo!";
			};
			name = Debug;
		};
		3B469F412D1E18C4004E5EDE /* Release */ = {
			isa = XCBuildConfiguration;
			buildSettings = {
				BUNDLE_LOADER = "$(TEST_HOST)";
				CODE_SIGN_STYLE = Automatic;
				CURRENT_PROJECT_VERSION = 1;
				DEVELOPMENT_TEAM = 2W8JWUKC7L;
				GENERATE_INFOPLIST_FILE = YES;
				MACOSX_DEPLOYMENT_TARGET = 15.2;
				MARKETING_VERSION = 1.0;
				PRODUCT_BUNDLE_IDENTIFIER = com.jarllyng.sampleconverter.SampleDrumConverterTests;
				PRODUCT_NAME = "$(TARGET_NAME)";
				SWIFT_EMIT_LOC_STRINGS = NO;
				SWIFT_VERSION = 5.0;
				TEST_HOST = "$(BUILT_PRODUCTS_DIR)/It's mono, yo!.app/$(BUNDLE_EXECUTABLE_FOLDER_PATH)/It's mono, yo!";
			};
			name = Release;
		};
		3B469F432D1E18C4004E5EDE /* Debug */ = {
			isa = XCBuildConfiguration;
			buildSettings = {
				CODE_SIGN_STYLE = Automatic;
				CURRENT_PROJECT_VERSION = 1;
				DEVELOPMENT_TEAM = 2W8JWUKC7L;
				GENERATE_INFOPLIST_FILE = YES;
				MARKETING_VERSION = 1.0;
				PRODUCT_BUNDLE_IDENTIFIER = com.jarllyng.sampleconverter.SampleDrumConverterUITests;
				PRODUCT_NAME = "$(TARGET_NAME)";
				SWIFT_EMIT_LOC_STRINGS = NO;
				SWIFT_VERSION = 5.0;
				TEST_TARGET_NAME = SampleDrumConverter;
			};
			name = Debug;
		};
		3B469F442D1E18C4004E5EDE /* Release */ = {
			isa = XCBuildConfiguration;
			buildSettings = {
				CODE_SIGN_STYLE = Automatic;
				CURRENT_PROJECT_VERSION = 1;
				DEVELOPMENT_TEAM = 2W8JWUKC7L;
				GENERATE_INFOPLIST_FILE = YES;
				MARKETING_VERSION = 1.0;
				PRODUCT_BUNDLE_IDENTIFIER = com.jarllyng.sampleconverter.SampleDrumConverterUITests;
				PRODUCT_NAME = "$(TARGET_NAME)";
				SWIFT_EMIT_LOC_STRINGS = NO;
				SWIFT_VERSION = 5.0;
				TEST_TARGET_NAME = SampleDrumConverter;
			};
			name = Release;
		};
/* End XCBuildConfiguration section */

/* Begin XCConfigurationList section */
		3B469F122D1E18C2004E5EDE /* Build configuration list for PBXProject "It's mono, yo!" */ = {
			isa = XCConfigurationList;
			buildConfigurations = (
				3B469F3A2D1E18C4004E5EDE /* Debug */,
				3B469F3B2D1E18C4004E5EDE /* Release */,
			);
			defaultConfigurationIsVisible = 0;
			defaultConfigurationName = Release;
		};
		3B469F3C2D1E18C4004E5EDE /* Build configuration list for PBXNativeTarget "It's mono, yo!" */ = {
			isa = XCConfigurationList;
			buildConfigurations = (
				3B469F3D2D1E18C4004E5EDE /* Debug */,
				3B469F3E2D1E18C4004E5EDE /* Release */,
			);
			defaultConfigurationIsVisible = 0;
			defaultConfigurationName = Release;
		};
		3B469F3F2D1E18C4004E5EDE /* Build configuration list for PBXNativeTarget "It's mono, yo!Tests" */ = {
			isa = XCConfigurationList;
			buildConfigurations = (
				3B469F402D1E18C4004E5EDE /* Debug */,
				3B469F412D1E18C4004E5EDE /* Release */,
			);
			defaultConfigurationIsVisible = 0;
			defaultConfigurationName = Release;
		};
		3B469F422D1E18C4004E5EDE /* Build configuration list for PBXNativeTarget "It's mono, yo!UITests" */ = {
			isa = XCConfigurationList;
			buildConfigurations = (
				3B469F432D1E18C4004E5EDE /* Debug */,
				3B469F442D1E18C4004E5EDE /* Release */,
			);
			defaultConfigurationIsVisible = 0;
			defaultConfigurationName = Release;
		};
/* End XCConfigurationList section */

/* Begin XCRemoteSwiftPackageReference section */
		3BDF761A2D1F6B9500189ABE /* XCRemoteSwiftPackageReference "AudioKit" */ = {
			isa = XCRemoteSwiftPackageReference;
			repositoryURL = "https://github.com/AudioKit/AudioKit";
			requirement = {
				kind = upToNextMajorVersion;
				minimumVersion = 5.6.4;
			};
		};
/* End XCRemoteSwiftPackageReference section */

/* Begin XCSwiftPackageProductDependency section */
		3BDF761B2D1F6CA900189ABE /* AudioKit */ = {
			isa = XCSwiftPackageProductDependency;
			package = 3BDF761A2D1F6B9500189ABE /* XCRemoteSwiftPackageReference "AudioKit" */;
			productName = AudioKit;
		};
/* End XCSwiftPackageProductDependency section */
	};
	rootObject = 3B469F0F2D1E18C2004E5EDE /* Project object */;
}
